
Microsoft Visual Studio Solution File, Format Version 12.00
# Visual Studio Version 16
VisualStudioVersion = 16.0.30523.141
MinimumVisualStudioVersion = 10.0.40219.1
Project("{FAE04EC0-301F-11D3-BF4B-00C04F79EFBC}") = "WindowsForms", "WindowsForms\WindowsForms.csproj", "{16A92F34-6C45-494B-99CB-368E639276FF}"
EndProject
Global
	GlobalSection(SolutionConfigurationPlatforms) = preSolution
		Debug|Any CPU = Debug|Any CPU
		Release|Any CPU = Release|Any CPU
	EndGlobalSection
	GlobalSection(ProjectConfigurationPlatforms) = postSolution
		{16A92F34-6C45-494B-99CB-368E639276FF}.Debug|Any CPU.ActiveCfg = Debug|Any CPU
		{16A92F34-6C45-494B-99CB-368E639276FF}.Debug|Any CPU.Build.0 = Debug|Any CPU
		{16A92F34-6C45-494B-99CB-368E639276FF}.Release|Any CPU.ActiveCfg = Release|Any CPU
		{16A92F34-6C45-494B-99CB-368E639276FF}.Release|Any CPU.Build.0 = Release|Any CPU
	EndGlobalSection
	GlobalSection(SolutionProperties) = preSolution
		HideSolutionNode = FALSE
	EndGlobalSection
	GlobalSection(ExtensibilityGlobals) = postSolution
		SolutionGuid = {DC7885AF-F056-48C7-A6BA-6711E48B98D8}
	EndGlobalSection
EndGlobal
